
Microsoft Visual Studio Solution File, Format Version 12.00
# Visual Studio Version 17
VisualStudioVersion = 17.3.32825.248
MinimumVisualStudioVersion = 10.0.40219.1
Project("{2150E333-8FDC-42A3-9474-1A3956D46DE8}") = "src", "src", "{EACFD86F-5B59-462A-B17E-70DF7D80238D}"
EndProject
Project("{2150E333-8FDC-42A3-9474-1A3956D46DE8}") = "Core", "Core", "{0E70925A-45BA-4072-A581-3181048E09A6}"
EndProject
Project("{2150E333-8FDC-42A3-9474-1A3956D46DE8}") = "RentCarProject", "RentCarProject", "{6C00B8C9-0748-480F-B969-E6D9DB2B2B72}"
EndProject
Project("{9A19103F-16F7-4668-BE54-9A1E7A4F7556}") = "Core.Application", "..\..\..\Desktop\nArchitecture-master\src\corePackages\Core.Application\Core.Application.csproj", "{15864876-0CD6-45BA-95D8-34CC1EFC712F}"
EndProject
Project("{9A19103F-16F7-4668-BE54-9A1E7A4F7556}") = "Core.CrossCuttingConcerns", "..\..\..\Desktop\nArchitecture-master\src\corePackages\Core.CrossCuttingConcers\Core.CrossCuttingConcerns.csproj", "{9A3160ED-BC01-49B6-A033-6D068F99D513}"
EndProject
Project("{9A19103F-16F7-4668-BE54-9A1E7A4F7556}") = "Core.ElasticSearch", "..\..\..\Desktop\nArchitecture-master\src\corePackages\Core.ElasticSearch\Core.ElasticSearch.csproj", "{0B172593-1944-4DB2-B76A-C2F3D8957898}"
EndProject
Project("{9A19103F-16F7-4668-BE54-9A1E7A4F7556}") = "Core.Mailing", "..\..\..\Desktop\nArchitecture-master\src\corePackages\Core.Mailing\Core.Mailing.csproj", "{3C57BD8B-0DE3-483D-965C-C105AC5D6D10}"
EndProject
Project("{9A19103F-16F7-4668-BE54-9A1E7A4F7556}") = "Core.Persistence", "..\..\..\Desktop\nArchitecture-master\src\corePackages\Core.Persistence\Core.Persistence.csproj", "{401C70F5-7E73-4C85-AF20-451B8B6F8DFB}"
EndProject
Project("{9A19103F-16F7-4668-BE54-9A1E7A4F7556}") = "Core.Security", "..\..\..\Desktop\nArchitecture-master\src\corePackages\Core.Security\Core.Security.csproj", "{1493D869-004D-44B4-86A6-1636AFDC9598}"
EndProject
Project("{9A19103F-16F7-4668-BE54-9A1E7A4F7556}") = "Application", "..\..\..\Desktop\nArchitecture-master\src\demoProjects\rentACar\Application\Application.csproj", "{72D80C90-1765-45BC-8CCD-1CC2EE6F0E1A}"
EndProject
Project("{9A19103F-16F7-4668-BE54-9A1E7A4F7556}") = "Domain", "..\..\..\Desktop\nArchitecture-master\src\demoProjects\rentACar\Domain\Domain.csproj", "{3BB5902C-8568-4562-9079-B15F65C1C167}"
EndProject
Project("{9A19103F-16F7-4668-BE54-9A1E7A4F7556}") = "Infrastructure", "..\..\..\Desktop\nArchitecture-master\src\demoProjects\rentACar\Infrastructure\Infrastructure.csproj", "{0174BE31-B633-49CA-B89D-9A3EACD6C205}"
EndProject
Project("{9A19103F-16F7-4668-BE54-9A1E7A4F7556}") = "Persistence", "..\..\..\Desktop\nArchitecture-master\src\demoProjects\rentACar\Persistence\Persistence.csproj", "{FB8C6E5A-C487-4234-B4CB-B667109191CB}"
EndProject
Project("{9A19103F-16F7-4668-BE54-9A1E7A4F7556}") = "WebAPI", "..\..\..\Desktop\nArchitecture-master\src\demoProjects\rentACar\WebAPI\WebAPI.csproj", "{C58564B8-120B-49FB-BCF8-310415D73C7D}"
EndProject
Global
	GlobalSection(SolutionConfigurationPlatforms) = preSolution
		Debug|Any CPU = Debug|Any CPU
		Release|Any CPU = Release|Any CPU
	EndGlobalSection
	GlobalSection(ProjectConfigurationPlatforms) = postSolution
		{15864876-0CD6-45BA-95D8-34CC1EFC712F}.Debug|Any CPU.ActiveCfg = Debug|Any CPU
		{15864876-0CD6-45BA-95D8-34CC1EFC712F}.Debug|Any CPU.Build.0 = Debug|Any CPU
		{15864876-0CD6-45BA-95D8-34CC1EFC712F}.Release|Any CPU.ActiveCfg = Release|Any CPU
		{15864876-0CD6-45BA-95D8-34CC1EFC712F}.Release|Any CPU.Build.0 = Release|Any CPU
		{9A3160ED-BC01-49B6-A033-6D068F99D513}.Debug|Any CPU.ActiveCfg = Debug|Any CPU
		{9A3160ED-BC01-49B6-A033-6D068F99D513}.Debug|Any CPU.Build.0 = Debug|Any CPU
		{9A3160ED-BC01-49B6-A033-6D068F99D513}.Release|Any CPU.ActiveCfg = Release|Any CPU
		{9A3160ED-BC01-49B6-A033-6D068F99D513}.Release|Any CPU.Build.0 = Release|Any CPU
		{0B172593-1944-4DB2-B76A-C2F3D8957898}.Debug|Any CPU.ActiveCfg = Debug|Any CPU
		{0B172593-1944-4DB2-B76A-C2F3D8957898}.Debug|Any CPU.Build.0 = Debug|Any CPU
		{0B172593-1944-4DB2-B76A-C2F3D8957898}.Release|Any CPU.ActiveCfg = Release|Any CPU
		{0B172593-1944-4DB2-B76A-C2F3D8957898}.Release|Any CPU.Build.0 = Release|Any CPU
		{3C57BD8B-0DE3-483D-965C-C105AC5D6D10}.Debug|Any CPU.ActiveCfg = Debug|Any CPU
		{3C57BD8B-0DE3-483D-965C-C105AC5D6D10}.Debug|Any CPU.Build.0 = Debug|Any CPU
		{3C57BD8B-0DE3-483D-965C-C105AC5D6D10}.Release|Any CPU.ActiveCfg = Release|Any CPU
		{3C57BD8B-0DE3-483D-965C-C105AC5D6D10}.Release|Any CPU.Build.0 = Release|Any CPU
		{401C70F5-7E73-4C85-AF20-451B8B6F8DFB}.Debug|Any CPU.ActiveCfg = Debug|Any CPU
		{401C70F5-7E73-4C85-AF20-451B8B6F8DFB}.Debug|Any CPU.Build.0 = Debug|Any CPU
		{401C70F5-7E73-4C85-AF20-451B8B6F8DFB}.Release|Any CPU.ActiveCfg = Release|Any CPU
		{401C70F5-7E73-4C85-AF20-451B8B6F8DFB}.Release|Any CPU.Build.0 = Release|Any CPU
		{1493D869-004D-44B4-86A6-1636AFDC9598}.Debug|Any CPU.ActiveCfg = Debug|Any CPU
		{1493D869-004D-44B4-86A6-1636AFDC9598}.Debug|Any CPU.Build.0 = Debug|Any CPU
		{1493D869-004D-44B4-86A6-1636AFDC9598}.Release|Any CPU.ActiveCfg = Release|Any CPU
		{1493D869-004D-44B4-86A6-1636AFDC9598}.Release|Any CPU.Build.0 = Release|Any CPU
		{72D80C90-1765-45BC-8CCD-1CC2EE6F0E1A}.Debug|Any CPU.ActiveCfg = Debug|Any CPU
		{72D80C90-1765-45BC-8CCD-1CC2EE6F0E1A}.Debug|Any CPU.Build.0 = Debug|Any CPU
		{72D80C90-1765-45BC-8CCD-1CC2EE6F0E1A}.Release|Any CPU.ActiveCfg = Release|Any CPU
		{72D80C90-1765-45BC-8CCD-1CC2EE6F0E1A}.Release|Any CPU.Build.0 = Release|Any CPU
		{3BB5902C-8568-4562-9079-B15F65C1C167}.Debug|Any CPU.ActiveCfg = Debug|Any CPU
		{3BB5902C-8568-4562-9079-B15F65C1C167}.Debug|Any CPU.Build.0 = Debug|Any CPU
		{3BB5902C-8568-4562-9079-B15F65C1C167}.Release|Any CPU.ActiveCfg = Release|Any CPU
		{3BB5902C-8568-4562-9079-B15F65C1C167}.Release|Any CPU.Build.0 = Release|Any CPU
		{0174BE31-B633-49CA-B89D-9A3EACD6C205}.Debug|Any CPU.ActiveCfg = Debug|Any CPU
		{0174BE31-B633-49CA-B89D-9A3EACD6C205}.Debug|Any CPU.Build.0 = Debug|Any CPU
		{0174BE31-B633-49CA-B89D-9A3EACD6C205}.Release|Any CPU.ActiveCfg = Release|Any CPU
		{0174BE31-B633-49CA-B89D-9A3EACD6C205}.Release|Any CPU.Build.0 = Release|Any CPU
		{FB8C6E5A-C487-4234-B4CB-B667109191CB}.Debug|Any CPU.ActiveCfg = Debug|Any CPU
		{FB8C6E5A-C487-4234-B4CB-B667109191CB}.Debug|Any CPU.Build.0 = Debug|Any CPU
		{FB8C6E5A-C487-4234-B4CB-B667109191CB}.Release|Any CPU.ActiveCfg = Release|Any CPU
		{FB8C6E5A-C487-4234-B4CB-B667109191CB}.Release|Any CPU.Build.0 = Release|Any CPU
		{C58564B8-120B-49FB-BCF8-310415D73C7D}.Debug|Any CPU.ActiveCfg = Debug|Any CPU
		{C58564B8-120B-49FB-BCF8-310415D73C7D}.Debug|Any CPU.Build.0 = Debug|Any CPU
		{C58564B8-120B-49FB-BCF8-310415D73C7D}.Release|Any CPU.ActiveCfg = Release|Any CPU
		{C58564B8-120B-49FB-BCF8-310415D73C7D}.Release|Any CPU.Build.0 = Release|Any CPU
	EndGlobalSection
	GlobalSection(SolutionProperties) = preSolution
		HideSolutionNode = FALSE
	EndGlobalSection
	GlobalSection(NestedProjects) = preSolution
		{0E70925A-45BA-4072-A581-3181048E09A6} = {EACFD86F-5B59-462A-B17E-70DF7D80238D}
		{6C00B8C9-0748-480F-B969-E6D9DB2B2B72} = {EACFD86F-5B59-462A-B17E-70DF7D80238D}
		{15864876-0CD6-45BA-95D8-34CC1EFC712F} = {0E70925A-45BA-4072-A581-3181048E09A6}
		{9A3160ED-BC01-49B6-A033-6D068F99D513} = {0E70925A-45BA-4072-A581-3181048E09A6}
		{0B172593-1944-4DB2-B76A-C2F3D8957898} = {0E70925A-45BA-4072-A581-3181048E09A6}
		{3C57BD8B-0DE3-483D-965C-C105AC5D6D10} = {0E70925A-45BA-4072-A581-3181048E09A6}
		{401C70F5-7E73-4C85-AF20-451B8B6F8DFB} = {0E70925A-45BA-4072-A581-3181048E09A6}
		{1493D869-004D-44B4-86A6-1636AFDC9598} = {0E70925A-45BA-4072-A581-3181048E09A6}
		{72D80C90-1765-45BC-8CCD-1CC2EE6F0E1A} = {6C00B8C9-0748-480F-B969-E6D9DB2B2B72}
		{3BB5902C-8568-4562-9079-B15F65C1C167} = {6C00B8C9-0748-480F-B969-E6D9DB2B2B72}
		{0174BE31-B633-49CA-B89D-9A3EACD6C205} = {6C00B8C9-0748-480F-B969-E6D9DB2B2B72}
		{FB8C6E5A-C487-4234-B4CB-B667109191CB} = {6C00B8C9-0748-480F-B969-E6D9DB2B2B72}
		{C58564B8-120B-49FB-BCF8-310415D73C7D} = {6C00B8C9-0748-480F-B969-E6D9DB2B2B72}
	EndGlobalSection
	GlobalSection(ExtensibilityGlobals) = postSolution
		SolutionGuid = {EF39030D-7D66-4C03-9901-9E20E0528FAE}
	EndGlobalSection
EndGlobal
